// !$*UTF8*$!
{
	archiveVersion = 1;
	classes = {
	};
	objectVersion = 55;
	objects = {

/* Begin PBXBuildFile section */
		7DF10D6627986E7E001EFB76 /* AppDelegate.swift in Sources */ = {isa = PBXBuildFile; fileRef = 7DF10D6527986E7E001EFB76 /* AppDelegate.swift */; };
		7DF10D6827986E7E001EFB76 /* SceneDelegate.swift in Sources */ = {isa = PBXBuildFile; fileRef = 7DF10D6727986E7E001EFB76 /* SceneDelegate.swift */; };
		7DF10D6F27986E81001EFB76 /* Assets.xcassets in Resources */ = {isa = PBXBuildFile; fileRef = 7DF10D6E27986E81001EFB76 /* Assets.xcassets */; };
		7DF10D7227986E81001EFB76 /* LaunchScreen.storyboard in Resources */ = {isa = PBXBuildFile; fileRef = 7DF10D7027986E81001EFB76 /* LaunchScreen.storyboard */; };
		7DF10DAA27993CD2001EFB76 /* APIClient.swift in Sources */ = {isa = PBXBuildFile; fileRef = 7DF10DA927993CD2001EFB76 /* APIClient.swift */; };
		7DF10DAC27993FD1001EFB76 /* APIError.swift in Sources */ = {isa = PBXBuildFile; fileRef = 7DF10DAB27993FD1001EFB76 /* APIError.swift */; };
		7DF10DB227994703001EFB76 /* URLSessionProtocol.swift in Sources */ = {isa = PBXBuildFile; fileRef = 7DF10DB127994703001EFB76 /* URLSessionProtocol.swift */; };
		7DF10DB527994C40001EFB76 /* RootViewController.swift in Sources */ = {isa = PBXBuildFile; fileRef = 7DF10DB427994C40001EFB76 /* RootViewController.swift */; };
/* End PBXBuildFile section */

/* Begin PBXContainerItemProxy section */
		7DF10D7927986E81001EFB76 /* PBXContainerItemProxy */ = {
			isa = PBXContainerItemProxy;
			containerPortal = 7DF10D5A27986E7E001EFB76 /* Project object */;
			proxyType = 1;
			remoteGlobalIDString = 7DF10D6127986E7E001EFB76;
			remoteInfo = LoremPicsum;
		};
/* End PBXContainerItemProxy section */

/* Begin PBXFileReference section */
		7DF10D6227986E7E001EFB76 /* LoremPicsum.app */ = {isa = PBXFileReference; explicitFileType = wrapper.application; includeInIndex = 0; path = LoremPicsum.app; sourceTree = BUILT_PRODUCTS_DIR; };
		7DF10D6527986E7E001EFB76 /* AppDelegate.swift */ = {isa = PBXFileReference; lastKnownFileType = sourcecode.swift; path = AppDelegate.swift; sourceTree = "<group>"; };
		7DF10D6727986E7E001EFB76 /* SceneDelegate.swift */ = {isa = PBXFileReference; lastKnownFileType = sourcecode.swift; path = SceneDelegate.swift; sourceTree = "<group>"; };
		7DF10D6E27986E81001EFB76 /* Assets.xcassets */ = {isa = PBXFileReference; lastKnownFileType = folder.assetcatalog; path = Assets.xcassets; sourceTree = "<group>"; };
		7DF10D7127986E81001EFB76 /* Base */ = {isa = PBXFileReference; lastKnownFileType = file.storyboard; name = Base; path = Base.lproj/LaunchScreen.storyboard; sourceTree = "<group>"; };
		7DF10D7327986E81001EFB76 /* Info.plist */ = {isa = PBXFileReference; lastKnownFileType = text.plist.xml; path = Info.plist; sourceTree = "<group>"; };
		7DF10D7827986E81001EFB76 /* LoremPicsumTests.xctest */ = {isa = PBXFileReference; explicitFileType = wrapper.cfbundle; includeInIndex = 0; path = LoremPicsumTests.xctest; sourceTree = BUILT_PRODUCTS_DIR; };
		7DF10DA927993CD2001EFB76 /* APIClient.swift */ = {isa = PBXFileReference; lastKnownFileType = sourcecode.swift; path = APIClient.swift; sourceTree = "<group>"; };
		7DF10DAB27993FD1001EFB76 /* APIError.swift */ = {isa = PBXFileReference; lastKnownFileType = sourcecode.swift; path = APIError.swift; sourceTree = "<group>"; };
		7DF10DB127994703001EFB76 /* URLSessionProtocol.swift */ = {isa = PBXFileReference; lastKnownFileType = sourcecode.swift; path = URLSessionProtocol.swift; sourceTree = "<group>"; };
		7DF10DB427994C40001EFB76 /* RootViewController.swift */ = {isa = PBXFileReference; lastKnownFileType = sourcecode.swift; path = RootViewController.swift; sourceTree = "<group>"; };
/* End PBXFileReference section */

/* Begin PBXFrameworksBuildPhase section */
		7DF10D5F27986E7E001EFB76 /* Frameworks */ = {
			isa = PBXFrameworksBuildPhase;
			buildActionMask = 2147483647;
			files = (
			);
			runOnlyForDeploymentPostprocessing = 0;
		};
		7DF10D7527986E81001EFB76 /* Frameworks */ = {
			isa = PBXFrameworksBuildPhase;
			buildActionMask = 2147483647;
			files = (
			);
			runOnlyForDeploymentPostprocessing = 0;
		};
		7DF10D7F27986E81001EFB76 /* Frameworks */ = {
			isa = PBXFrameworksBuildPhase;
			buildActionMask = 2147483647;
			files = (
			);
			runOnlyForDeploymentPostprocessing = 0;
		};
/* End PBXFrameworksBuildPhase section */

/* Begin PBXGroup section */
		7DF10D5927986E7E001EFB76 = {
			isa = PBXGroup;
			children = (
				7DF10D6427986E7E001EFB76 /* LoremPicsum */,
				7DF10D7B27986E81001EFB76 /* LoremPicsumTests */,
				7DF10D8527986E81001EFB76 /* LoremPicsumUITests */,
				7DF10D6327986E7E001EFB76 /* Products */,
			);
			sourceTree = "<group>";
		};
		7DF10D6327986E7E001EFB76 /* Products */ = {
			isa = PBXGroup;
			children = (
				7DF10D6227986E7E001EFB76 /* LoremPicsum.app */,
				7DF10D7827986E81001EFB76 /* LoremPicsumTests.xctest */,
				7DF10D8227986E81001EFB76 /* LoremPicsumUITests.xctest */,
			);
			name = Products;
			sourceTree = "<group>";
		};
		7DF10D6427986E7E001EFB76 /* LoremPicsum */ = {
			isa = PBXGroup;
			children = (
				7DF10D9927993C22001EFB76 /* Shared */,
				7DF10D962798740B001EFB76 /* Generated */,
				7DF10D6527986E7E001EFB76 /* AppDelegate.swift */,
				7DF10D6727986E7E001EFB76 /* SceneDelegate.swift */,
				7DF10D6E27986E81001EFB76 /* Assets.xcassets */,
				7DF10D7027986E81001EFB76 /* LaunchScreen.storyboard */,
				7DF10D7327986E81001EFB76 /* Info.plist */,
			);
			path = LoremPicsum;
			sourceTree = "<group>";
		};
		7DF10D7B27986E81001EFB76 /* LoremPicsumTests */ = {
			isa = PBXGroup;
			children = (
				7DF10D7C27986E81001EFB76 /* LoremPicsumTests.swift */,
			);
			path = LoremPicsumTests;
			sourceTree = "<group>";
		};
		7DF10D8527986E81001EFB76 /* LoremPicsumUITests */ = {
			isa = PBXGroup;
			children = (
				7DF10D8627986E81001EFB76 /* LoremPicsumUITests.swift */,
				7DF10D8827986E81001EFB76 /* LoremPicsumUITestsLaunchTests.swift */,
			);
			path = LoremPicsumUITests;
			sourceTree = "<group>";
		};
/* End PBXGroup section */

/* Begin PBXNativeTarget section */
		7DF10D6127986E7E001EFB76 /* LoremPicsum */ = {
			isa = PBXNativeTarget;
			buildConfigurationList = 7DF10D8C27986E81001EFB76 /* Build configuration list for PBXNativeTarget "LoremPicsum" */;
			buildPhases = (
				7DF10D5E27986E7E001EFB76 /* Sources */,
				7DF10D5F27986E7E001EFB76 /* Frameworks */,
				7DF10D6027986E7E001EFB76 /* Resources */,
			);
			buildRules = (
			);
			dependencies = (
			);
			name = LoremPicsum;
			productName = LoremPicsum;
			productReference = 7DF10D6227986E7E001EFB76 /* LoremPicsum.app */;
			productType = "com.apple.product-type.application";
		};
		7DF10D7727986E81001EFB76 /* LoremPicsumTests */ = {
			isa = PBXNativeTarget;
			buildConfigurationList = 7DF10D8F27986E81001EFB76 /* Build configuration list for PBXNativeTarget "LoremPicsumTests" */;
			buildPhases = (
				7DF10D7427986E81001EFB76 /* Sources */,
				7DF10D7527986E81001EFB76 /* Frameworks */,
				7DF10D7627986E81001EFB76 /* Resources */,
			);
			buildRules = (
			);
			dependencies = (
				7DF10D7A27986E81001EFB76 /* PBXTargetDependency */,
			);
			name = LoremPicsumTests;
			productName = LoremPicsumTests;
			productReference = 7DF10D7827986E81001EFB76 /* LoremPicsumTests.xctest */;
			productType = "com.apple.product-type.bundle.unit-test";
		};
		7DF10D8127986E81001EFB76 /* LoremPicsumUITests */ = {
			isa = PBXNativeTarget;
			buildConfigurationList = 7DF10D9227986E81001EFB76 /* Build configuration list for PBXNativeTarget "LoremPicsumUITests" */;
			buildPhases = (
				7DF10D7E27986E81001EFB76 /* Sources */,
				7DF10D7F27986E81001EFB76 /* Frameworks */,
				7DF10D8027986E81001EFB76 /* Resources */,
			);
			buildRules = (
			);
			dependencies = (
				7DF10D8427986E81001EFB76 /* PBXTargetDependency */,
			);
			name = LoremPicsumUITests;
			productName = LoremPicsumUITests;
			productReference = 7DF10D8227986E81001EFB76 /* LoremPicsumUITests.xctest */;
			productType = "com.apple.product-type.bundle.ui-testing";
		};
/* End PBXNativeTarget section */

/* Begin PBXProject section */
		7DF10D5A27986E7E001EFB76 /* Project object */ = {
			isa = PBXProject;
			attributes = {
				BuildIndependentTargetsInParallel = 1;
				LastSwiftUpdateCheck = 1320;
				LastUpgradeCheck = 1320;
				TargetAttributes = {
					7DF10D6127986E7E001EFB76 = {
						CreatedOnToolsVersion = 13.2.1;
					};
					7DF10D7727986E81001EFB76 = {
						CreatedOnToolsVersion = 13.2.1;
						TestTargetID = 7DF10D6127986E7E001EFB76;
					};
					7DF10D8127986E81001EFB76 = {
						CreatedOnToolsVersion = 13.2.1;
						TestTargetID = 7DF10D6127986E7E001EFB76;
					};
				};
			};
			buildConfigurationList = 7DF10D5D27986E7E001EFB76 /* Build configuration list for PBXProject "LoremPicsum" */;
			compatibilityVersion = "Xcode 13.0";
			developmentRegion = en;
			hasScannedForEncodings = 0;
			knownRegions = (
				en,
				Base,
			);
			mainGroup = 7DF10D5927986E7E001EFB76;
			productRefGroup = 7DF10D6327986E7E001EFB76 /* Products */;
			projectDirPath = "";
			projectRoot = "";
			targets = (
				7DF10D6127986E7E001EFB76 /* LoremPicsum */,
				7DF10D7727986E81001EFB76 /* LoremPicsumTests */,
				7DF10D8127986E81001EFB76 /* LoremPicsumUITests */,
			);
		};
/* End PBXProject section */

/* Begin PBXResourcesBuildPhase section */
		7DF10D6027986E7E001EFB76 /* Resources */ = {
			isa = PBXResourcesBuildPhase;
			buildActionMask = 2147483647;
			files = (
				7DF10D7227986E81001EFB76 /* LaunchScreen.storyboard in Resources */,
				7DF10D6F27986E81001EFB76 /* Assets.xcassets in Resources */,
			);
			runOnlyForDeploymentPostprocessing = 0;
		};
		7DF10D7627986E81001EFB76 /* Resources */ = {
			isa = PBXResourcesBuildPhase;
			buildActionMask = 2147483647;
			files = (
			);
			runOnlyForDeploymentPostprocessing = 0;
		};
		7DF10D8027986E81001EFB76 /* Resources */ = {
			isa = PBXResourcesBuildPhase;
			buildActionMask = 2147483647;
			files = (
			);
			runOnlyForDeploymentPostprocessing = 0;
		};
/* End PBXResourcesBuildPhase section */

/* Begin PBXSourcesBuildPhase section */
		7DF10D5E27986E7E001EFB76 /* Sources */ = {
			isa = PBXSourcesBuildPhase;
			buildActionMask = 2147483647;
			files = (
				7DF10D6A27986E7E001EFB76 /* ViewController.swift in Sources */,
				7DF10D6627986E7E001EFB76 /* AppDelegate.swift in Sources */,
				7DF10D6827986E7E001EFB76 /* SceneDelegate.swift in Sources */,
			);
			runOnlyForDeploymentPostprocessing = 0;
		};
		7DF10D7427986E81001EFB76 /* Sources */ = {
			isa = PBXSourcesBuildPhase;
			buildActionMask = 2147483647;
			files = (
				7DF10D7D27986E81001EFB76 /* LoremPicsumTests.swift in Sources */,
			);
			runOnlyForDeploymentPostprocessing = 0;
		};
		7DF10D7E27986E81001EFB76 /* Sources */ = {
			isa = PBXSourcesBuildPhase;
			buildActionMask = 2147483647;
			files = (
				7DF10D8727986E81001EFB76 /* LoremPicsumUITests.swift in Sources */,
				7DF10D8927986E81001EFB76 /* LoremPicsumUITestsLaunchTests.swift in Sources */,
			);
			runOnlyForDeploymentPostprocessing = 0;
		};
/* End PBXSourcesBuildPhase section */

/* Begin PBXTargetDependency section */
		7DF10D7A27986E81001EFB76 /* PBXTargetDependency */ = {
			isa = PBXTargetDependency;
			target = 7DF10D6127986E7E001EFB76 /* LoremPicsum */;
			targetProxy = 7DF10D7927986E81001EFB76 /* PBXContainerItemProxy */;
		};
		7DF10D8427986E81001EFB76 /* PBXTargetDependency */ = {
			isa = PBXTargetDependency;
			target = 7DF10D6127986E7E001EFB76 /* LoremPicsum */;
			targetProxy = 7DF10D8327986E81001EFB76 /* PBXContainerItemProxy */;
		};
/* End PBXTargetDependency section */

/* Begin PBXVariantGroup section */
		7DF10D7027986E81001EFB76 /* LaunchScreen.storyboard */ = {
			isa = PBXVariantGroup;
			children = (
				7DF10D7127986E81001EFB76 /* Base */,
			);
			name = LaunchScreen.storyboard;
			sourceTree = "<group>";
		};
/* End PBXVariantGroup section */

/* Begin XCBuildConfiguration section */
		7DF10D8A27986E81001EFB76 /* Debug */ = {
			isa = XCBuildConfiguration;
			buildSettings = {
				ALWAYS_SEARCH_USER_PATHS = NO;
				CLANG_ANALYZER_NONNULL = YES;
				CLANG_ANALYZER_NUMBER_OBJECT_CONVERSION = YES_AGGRESSIVE;
				CLANG_CXX_LANGUAGE_STANDARD = "gnu++17";
				CLANG_CXX_LIBRARY = "libc++";
				CLANG_ENABLE_MODULES = YES;
				CLANG_ENABLE_OBJC_ARC = YES;
				CLANG_ENABLE_OBJC_WEAK = YES;
				CLANG_WARN_BLOCK_CAPTURE_AUTORELEASING = YES;
				CLANG_WARN_BOOL_CONVERSION = YES;
				CLANG_WARN_COMMA = YES;
				CLANG_WARN_CONSTANT_CONVERSION = YES;
				CLANG_WARN_DEPRECATED_OBJC_IMPLEMENTATIONS = YES;
				CLANG_WARN_DIRECT_OBJC_ISA_USAGE = YES_ERROR;
				CLANG_WARN_DOCUMENTATION_COMMENTS = YES;
				CLANG_WARN_EMPTY_BODY = YES;
				CLANG_WARN_ENUM_CONVERSION = YES;
				CLANG_WARN_INFINITE_RECURSION = YES;
				CLANG_WARN_INT_CONVERSION = YES;
				CLANG_WARN_NON_LITERAL_NULL_CONVERSION = YES;
				CLANG_WARN_OBJC_IMPLICIT_RETAIN_SELF = YES;
				CLANG_WARN_OBJC_LITERAL_CONVERSION = YES;
				CLANG_WARN_OBJC_ROOT_CLASS = YES_ERROR;
				CLANG_WARN_QUOTED_INCLUDE_IN_FRAMEWORK_HEADER = YES;
				CLANG_WARN_RANGE_LOOP_ANALYSIS = YES;
				CLANG_WARN_STRICT_PROTOTYPES = YES;
				CLANG_WARN_SUSPICIOUS_MOVE = YES;
				CLANG_WARN_UNGUARDED_AVAILABILITY = YES_AGGRESSIVE;
				CLANG_WARN_UNREACHABLE_CODE = YES;
				CLANG_WARN__DUPLICATE_METHOD_MATCH = YES;
				COPY_PHASE_STRIP = NO;
				DEBUG_INFORMATION_FORMAT = dwarf;
				ENABLE_STRICT_OBJC_MSGSEND = YES;
				ENABLE_TESTABILITY = YES;
				GCC_C_LANGUAGE_STANDARD = gnu11;
				GCC_DYNAMIC_NO_PIC = NO;
				GCC_NO_COMMON_BLOCKS = YES;
				GCC_OPTIMIZATION_LEVEL = 0;
				GCC_PREPROCESSOR_DEFINITIONS = (
					"DEBUG=1",
					"$(inherited)",
				);
				GCC_WARN_64_TO_32_BIT_CONVERSION = YES;
				GCC_WARN_ABOUT_RETURN_TYPE = YES_ERROR;
				GCC_WARN_UNDECLARED_SELECTOR = YES;
				GCC_WARN_UNINITIALIZED_AUTOS = YES_AGGRESSIVE;
				GCC_WARN_UNUSED_FUNCTION = YES;
				GCC_WARN_UNUSED_VARIABLE = YES;
				IPHONEOS_DEPLOYMENT_TARGET = 13.0;
				MTL_ENABLE_DEBUG_INFO = INCLUDE_SOURCE;
				MTL_FAST_MATH = YES;
				ONLY_ACTIVE_ARCH = YES;
				SDKROOT = iphoneos;
				SWIFT_ACTIVE_COMPILATION_CONDITIONS = DEBUG;
				SWIFT_OPTIMIZATION_LEVEL = "-Onone";
			};
			name = Debug;
		};
		7DF10D8B27986E81001EFB76 /* Release */ = {
			isa = XCBuildConfiguration;
			buildSettings = {
				ALWAYS_SEARCH_USER_PATHS = NO;
				CLANG_ANALYZER_NONNULL = YES;
				CLANG_ANALYZER_NUMBER_OBJECT_CONVERSION = YES_AGGRESSIVE;
				CLANG_CXX_LANGUAGE_STANDARD = "gnu++17";
				CLANG_CXX_LIBRARY = "libc++";
				CLANG_ENABLE_MODULES = YES;
				CLANG_ENABLE_OBJC_ARC = YES;
				CLANG_ENABLE_OBJC_WEAK = YES;
				CLANG_WARN_BLOCK_CAPTURE_AUTORELEASING = YES;
				CLANG_WARN_BOOL_CONVERSION = YES;
				CLANG_WARN_COMMA = YES;
				CLANG_WARN_CONSTANT_CONVERSION = YES;
				CLANG_WARN_DEPRECATED_OBJC_IMPLEMENTATIONS = YES;
				CLANG_WARN_DIRECT_OBJC_ISA_USAGE = YES_ERROR;
				CLANG_WARN_DOCUMENTATION_COMMENTS = YES;
				CLANG_WARN_EMPTY_BODY = YES;
				CLANG_WARN_ENUM_CONVERSION = YES;
				CLANG_WARN_INFINITE_RECURSION = YES;
				CLANG_WARN_INT_CONVERSION = YES;
				CLANG_WARN_NON_LITERAL_NULL_CONVERSION = YES;
				CLANG_WARN_OBJC_IMPLICIT_RETAIN_SELF = YES;
				CLANG_WARN_OBJC_LITERAL_CONVERSION = YES;
				CLANG_WARN_OBJC_ROOT_CLASS = YES_ERROR;
				CLANG_WARN_QUOTED_INCLUDE_IN_FRAMEWORK_HEADER = YES;
				CLANG_WARN_RANGE_LOOP_ANALYSIS = YES;
				CLANG_WARN_STRICT_PROTOTYPES = YES;
				CLANG_WARN_SUSPICIOUS_MOVE = YES;
				CLANG_WARN_UNGUARDED_AVAILABILITY = YES_AGGRESSIVE;
				CLANG_WARN_UNREACHABLE_CODE = YES;
				CLANG_WARN__DUPLICATE_METHOD_MATCH = YES;
				COPY_PHASE_STRIP = NO;
				DEBUG_INFORMATION_FORMAT = "dwarf-with-dsym";
				ENABLE_NS_ASSERTIONS = NO;
				ENABLE_STRICT_OBJC_MSGSEND = YES;
				GCC_C_LANGUAGE_STANDARD = gnu11;
				GCC_NO_COMMON_BLOCKS = YES;
				GCC_WARN_64_TO_32_BIT_CONVERSION = YES;
				GCC_WARN_ABOUT_RETURN_TYPE = YES_ERROR;
				GCC_WARN_UNDECLARED_SELECTOR = YES;
				GCC_WARN_UNINITIALIZED_AUTOS = YES_AGGRESSIVE;
				GCC_WARN_UNUSED_FUNCTION = YES;
				GCC_WARN_UNUSED_VARIABLE = YES;
				IPHONEOS_DEPLOYMENT_TARGET = 13.0;
				MTL_ENABLE_DEBUG_INFO = NO;
				MTL_FAST_MATH = YES;
				SDKROOT = iphoneos;
				SWIFT_COMPILATION_MODE = wholemodule;
				SWIFT_OPTIMIZATION_LEVEL = "-O";
				VALIDATE_PRODUCT = YES;
			};
			name = Release;
		};
		7DF10D8D27986E81001EFB76 /* Debug */ = {
			isa = XCBuildConfiguration;
			buildSettings = {
				ASSETCATALOG_COMPILER_APPICON_NAME = AppIcon;
				ASSETCATALOG_COMPILER_GLOBAL_ACCENT_COLOR_NAME = AccentColor;
				CODE_SIGN_STYLE = Automatic;
				CURRENT_PROJECT_VERSION = 1;
				GENERATE_INFOPLIST_FILE = YES;
				INFOPLIST_FILE = LoremPicsum/Info.plist;
				INFOPLIST_KEY_UIApplicationSupportsIndirectInputEvents = YES;
				INFOPLIST_KEY_UILaunchStoryboardName = LaunchScreen;
				INFOPLIST_KEY_UISupportedInterfaceOrientations_iPad = "UIInterfaceOrientationPortrait UIInterfaceOrientationPortraitUpsideDown UIInterfaceOrientationLandscapeLeft UIInterfaceOrientationLandscapeRight";
				INFOPLIST_KEY_UISupportedInterfaceOrientations_iPhone = "UIInterfaceOrientationPortrait UIInterfaceOrientationLandscapeLeft UIInterfaceOrientationLandscapeRight";
				IPHONEOS_DEPLOYMENT_TARGET = 13.0;
				LD_RUNPATH_SEARCH_PATHS = (
					"$(inherited)",
					"@executable_path/Frameworks",
				);
				MARKETING_VERSION = 1.0;
				PRODUCT_BUNDLE_IDENTIFIER = CruxSolutions.LoremPicsum;
				PRODUCT_NAME = "$(TARGET_NAME)";
				SWIFT_EMIT_LOC_STRINGS = YES;
				SWIFT_VERSION = 5.0;
				TARGETED_DEVICE_FAMILY = "1,2";
			};
			name = Debug;
		};
		7DF10D8E27986E81001EFB76 /* Release */ = {
			isa = XCBuildConfiguration;
			buildSettings = {
				ASSETCATALOG_COMPILER_APPICON_NAME = AppIcon;
				ASSETCATALOG_COMPILER_GLOBAL_ACCENT_COLOR_NAME = AccentColor;
				CODE_SIGN_STYLE = Automatic;
				CURRENT_PROJECT_VERSION = 1;
				GENERATE_INFOPLIST_FILE = YES;
				INFOPLIST_FILE = LoremPicsum/Info.plist;
				INFOPLIST_KEY_UIApplicationSupportsIndirectInputEvents = YES;
				INFOPLIST_KEY_UILaunchStoryboardName = LaunchScreen;
				INFOPLIST_KEY_UISupportedInterfaceOrientations_iPad = "UIInterfaceOrientationPortrait UIInterfaceOrientationPortraitUpsideDown UIInterfaceOrientationLandscapeLeft UIInterfaceOrientationLandscapeRight";
				INFOPLIST_KEY_UISupportedInterfaceOrientations_iPhone = "UIInterfaceOrientationPortrait UIInterfaceOrientationLandscapeLeft UIInterfaceOrientationLandscapeRight";
				IPHONEOS_DEPLOYMENT_TARGET = 13.0;
				LD_RUNPATH_SEARCH_PATHS = (
					"$(inherited)",
					"@executable_path/Frameworks",
				);
				MARKETING_VERSION = 1.0;
				PRODUCT_BUNDLE_IDENTIFIER = CruxSolutions.LoremPicsum;
				PRODUCT_NAME = "$(TARGET_NAME)";
				SWIFT_EMIT_LOC_STRINGS = YES;
				SWIFT_VERSION = 5.0;
				TARGETED_DEVICE_FAMILY = "1,2";
			};
			name = Release;
		};
		7DF10D9027986E81001EFB76 /* Debug */ = {
			isa = XCBuildConfiguration;
			buildSettings = {
				ALWAYS_EMBED_SWIFT_STANDARD_LIBRARIES = YES;
				BUNDLE_LOADER = "$(TEST_HOST)";
				CLANG_ENABLE_MODULES = YES;
				CODE_SIGN_STYLE = Automatic;
				CURRENT_PROJECT_VERSION = 1;
				GENERATE_INFOPLIST_FILE = YES;
				IPHONEOS_DEPLOYMENT_TARGET = 13.0;
				LD_RUNPATH_SEARCH_PATHS = (
					"$(inherited)",
					"@executable_path/Frameworks",
					"@loader_path/Frameworks",
				);
				MARKETING_VERSION = 1.0;
				PRODUCT_BUNDLE_IDENTIFIER = CruxSolutions.LoremPicsumTests;
				PRODUCT_NAME = "$(TARGET_NAME)";
				SWIFT_EMIT_LOC_STRINGS = NO;
				SWIFT_OPTIMIZATION_LEVEL = "-Onone";
				SWIFT_VERSION = 5.0;
				TARGETED_DEVICE_FAMILY = "1,2";
				TEST_HOST = "$(BUILT_PRODUCTS_DIR)/LoremPicsum.app/LoremPicsum";
			};
			name = Debug;
		};
		7DF10D9127986E81001EFB76 /* Release */ = {
			isa = XCBuildConfiguration;
			buildSettings = {
				ALWAYS_EMBED_SWIFT_STANDARD_LIBRARIES = YES;
				BUNDLE_LOADER = "$(TEST_HOST)";
				CLANG_ENABLE_MODULES = YES;
				CODE_SIGN_STYLE = Automatic;
				CURRENT_PROJECT_VERSION = 1;
				GENERATE_INFOPLIST_FILE = YES;
				IPHONEOS_DEPLOYMENT_TARGET = 13.0;
				LD_RUNPATH_SEARCH_PATHS = (
					"$(inherited)",
					"@executable_path/Frameworks",
					"@loader_path/Frameworks",
				);
				MARKETING_VERSION = 1.0;
				PRODUCT_BUNDLE_IDENTIFIER = CruxSolutions.LoremPicsumTests;
				PRODUCT_NAME = "$(TARGET_NAME)";
				SWIFT_EMIT_LOC_STRINGS = NO;
				SWIFT_VERSION = 5.0;
				TARGETED_DEVICE_FAMILY = "1,2";
				TEST_HOST = "$(BUILT_PRODUCTS_DIR)/LoremPicsum.app/LoremPicsum";
			};
			name = Release;
		};
/* End XCBuildConfiguration section */

/* Begin XCConfigurationList section */
		7DF10D5D27986E7E001EFB76 /* Build configuration list for PBXProject "LoremPicsum" */ = {
			isa = XCConfigurationList;
			buildConfigurations = (
				7DF10D8A27986E81001EFB76 /* Debug */,
				7DF10D8B27986E81001EFB76 /* Release */,
			);
			defaultConfigurationIsVisible = 0;
			defaultConfigurationName = Release;
		};
		7DF10D8C27986E81001EFB76 /* Build configuration list for PBXNativeTarget "LoremPicsum" */ = {
			isa = XCConfigurationList;
			buildConfigurations = (
				7DF10D8D27986E81001EFB76 /* Debug */,
				7DF10D8E27986E81001EFB76 /* Release */,
			);
			defaultConfigurationIsVisible = 0;
			defaultConfigurationName = Release;
		};
		7DF10D8F27986E81001EFB76 /* Build configuration list for PBXNativeTarget "LoremPicsumTests" */ = {
			isa = XCConfigurationList;
			buildConfigurations = (
				7DF10D9027986E81001EFB76 /* Debug */,
				7DF10D9127986E81001EFB76 /* Release */,
			);
			defaultConfigurationIsVisible = 0;
			defaultConfigurationName = Release;
		};
/* End XCConfigurationList section */
	};
	rootObject = 7DF10D5A27986E7E001EFB76 /* Project object */;
}
